// !$*UTF8*$!
{
	archiveVersion = 1;
	classes = {
	};
	objectVersion = 50;
	objects = {

/* Begin PBXBuildFile section */
		6BDFB0832401209C0029915B /* AppDelegate.swift in Sources */ = {isa = PBXBuildFile; fileRef = 6BDFB0822401209C0029915B /* AppDelegate.swift */; };
		6BDFB0852401209C0029915B /* SceneDelegate.swift in Sources */ = {isa = PBXBuildFile; fileRef = 6BDFB0842401209C0029915B /* SceneDelegate.swift */; };
		6BDFB0872401209C0029915B /* ContentView.swift in Sources */ = {isa = PBXBuildFile; fileRef = 6BDFB0862401209C0029915B /* ContentView.swift */; };
		6BDFB0892401209C0029915B /* Assets.xcassets in Resources */ = {isa = PBXBuildFile; fileRef = 6BDFB0882401209C0029915B /* Assets.xcassets */; };
		6BDFB08C2401209C0029915B /* Preview Assets.xcassets in Resources */ = {isa = PBXBuildFile; fileRef = 6BDFB08B2401209C0029915B /* Preview Assets.xcassets */; };
		6BDFB08F2401209C0029915B /* LaunchScreen.storyboard in Resources */ = {isa = PBXBuildFile; fileRef = 6BDFB08D2401209C0029915B /* LaunchScreen.storyboard */; };
/* End PBXBuildFile section */

/* Begin PBXFileReference section */
		6BDFB07F2401209C0029915B /* SwiftUIFonts.app */ = {isa = PBXFileReference; explicitFileType = wrapper.application; includeInIndex = 0; path = SwiftUIFonts.app; sourceTree = BUILT_PRODUCTS_DIR; };
		6BDFB0822401209C0029915B /* AppDelegate.swift */ = {isa = PBXFileReference; lastKnownFileType = sourcecode.swift; path = AppDelegate.swift; sourceTree = "<group>"; };
		6BDFB0842401209C0029915B /* SceneDelegate.swift */ = {isa = PBXFileReference; lastKnownFileType = sourcecode.swift; path = SceneDelegate.swift; sourceTree = "<group>"; };
		6BDFB0862401209C0029915B /* ContentView.swift */ = {isa = PBXFileReference; lastKnownFileType = sourcecode.swift; path = ContentView.swift; sourceTree = "<group>"; };
		6BDFB0882401209C0029915B /* Assets.xcassets */ = {isa = PBXFileReference; lastKnownFileType = folder.assetcatalog; path = Assets.xcassets; sourceTree = "<group>"; };
		6BDFB08B2401209C0029915B /* Preview Assets.xcassets */ = {isa = PBXFileReference; lastKnownFileType = folder.assetcatalog; path = "Preview Assets.xcassets"; sourceTree = "<group>"; };
		6BDFB08E2401209C0029915B /* Base */ = {isa = PBXFileReference; lastKnownFileType = file.storyboard; name = Base; path = Base.lproj/LaunchScreen.storyboard; sourceTree = "<group>"; };
		6BDFB0902401209C0029915B /* Info.plist */ = {isa = PBXFileReference; lastKnownFileType = text.plist.xml; path = Info.plist; sourceTree = "<group>"; };
/* End PBXFileReference section */

/* Begin PBXFrameworksBuildPhase section */
		6BDFB07C2401209C0029915B /* Frameworks */ = {
			isa = PBXFrameworksBuildPhase;
			buildActionMask = 2147483647;
			files = (
			);
			runOnlyForDeploymentPostprocessing = 0;
		};
/* End PBXFrameworksBuildPhase section */

/* Begin PBXGroup section */
		6BDFB0762401209C0029915B = {
			isa = PBXGroup;
			children = (
				6BDFB0812401209C0029915B /* SwiftUIFonts */,
				6BDFB0802401209C0029915B /* Products */,
			);
			sourceTree = "<group>";
		};
		6BDFB0802401209C0029915B /* Products */ = {
			isa = PBXGroup;
			children = (
				6BDFB07F2401209C0029915B /* SwiftUIFonts.app */,
			);
			name = Products;
			sourceTree = "<group>";
		};
		6BDFB0812401209C0029915B /* SwiftUIFonts */ = {
			isa = PBXGroup;
			children = (
				6BDFB0822401209C0029915B /* AppDelegate.swift */,
				6BDFB0842401209C0029915B /* SceneDelegate.swift */,
				6BDFB0862401209C0029915B /* ContentView.swift */,
				6BDFB0882401209C0029915B /* Assets.xcassets */,
				6BDFB08D2401209C0029915B /* LaunchScreen.storyboard */,
				6BDFB0902401209C0029915B /* Info.plist */,
				6BDFB08A2401209C0029915B /* Preview Content */,
			);
			path = SwiftUIFonts;
			sourceTree = "<group>";
		};
		6BDFB08A2401209C0029915B /* Preview Content */ = {
			isa = PBXGroup;
			children = (
				6BDFB08B2401209C0029915B /* Preview Assets.xcassets */,
			);
			path = "Preview Content";
			sourceTree = "<group>";
		};
/* End PBXGroup section */

/* Begin PBXNativeTarget section */
		6BDFB07E2401209C0029915B /* SwiftUIFonts */ = {
			isa = PBXNativeTarget;
			buildConfigurationList = 6BDFB0932401209C0029915B /* Build configuration list for PBXNativeTarget "SwiftUIFonts" */;
			buildPhases = (
				6BDFB07B2401209C0029915B /* Sources */,
				6BDFB07C2401209C0029915B /* Frameworks */,
				6BDFB07D2401209C0029915B /* Resources */,
			);
			buildRules = (
			);
			dependencies = (
			);
			name = SwiftUIFonts;
			productName = SwiftUIFonts;
			productReference = 6BDFB07F2401209C0029915B /* SwiftUIFonts.app */;
			productType = "com.apple.product-type.application";
		};
/* End PBXNativeTarget section */

/* Begin PBXProject section */
		6BDFB0772401209C0029915B /* Project object */ = {
			isa = PBXProject;
			attributes = {
				LastSwiftUpdateCheck = 1130;
				LastUpgradeCheck = 1130;
				ORGANIZATIONNAME = "Tomas Parizek";
				TargetAttributes = {
					6BDFB07E2401209C0029915B = {
						CreatedOnToolsVersion = 11.3.1;
					};
				};
			};
			buildConfigurationList = 6BDFB07A2401209C0029915B /* Build configuration list for PBXProject "SwiftUIFonts" */;
			compatibilityVersion = "Xcode 9.3";
			developmentRegion = en;
			hasScannedForEncodings = 0;
			knownRegions = (
				en,
				Base,
			);
			mainGroup = 6BDFB0762401209C0029915B;
			productRefGroup = 6BDFB0802401209C0029915B /* Products */;
			projectDirPath = "";
			projectRoot = "";
			targets = (
				6BDFB07E2401209C0029915B /* SwiftUIFonts */,
			);
		};
/* End PBXProject section */

/* Begin PBXResourcesBuildPhase section */
		6BDFB07D2401209C0029915B /* Resources */ = {
			isa = PBXResourcesBuildPhase;
			buildActionMask = 2147483647;
			files = (
				6BDFB08F2401209C0029915B /* LaunchScreen.storyboard in Resources */,
				6BDFB08C2401209C0029915B /* Preview Assets.xcassets in Resources */,
				6BDFB0892401209C0029915B /* Assets.xcassets in Resources */,
			);
			runOnlyForDeploymentPostprocessing = 0;
		};
/* End PBXResourcesBuildPhase section */

/* Begin PBXSourcesBuildPhase section */
		6BDFB07B2401209C0029915B /* Sources */ = {
			isa = PBXSourcesBuildPhase;
			buildActionMask = 2147483647;
			files = (
				6BDFB0832401209C0029915B /* AppDelegate.swift in Sources */,
				6BDFB0852401209C0029915B /* SceneDelegate.swift in Sources */,
				6BDFB0872401209C0029915B /* ContentView.swift in Sources */,
			);
			runOnlyForDeploymentPostprocessing = 0;
		};
/* End PBXSourcesBuildPhase section */

/* Begin PBXVariantGroup section */
		6BDFB08D2401209C0029915B /* LaunchScreen.storyboard */ = {
			isa = PBXVariantGroup;
			children = (
				6BDFB08E2401209C0029915B /* Base */,
			);
			name = LaunchScreen.storyboard;
			sourceTree = "<group>";
		};
/* End PBXVariantGroup section */

/* Begin XCBuildConfiguration section */
		6BDFB0912401209C0029915B /* Debug */ = {
			isa = XCBuildConfiguration;
			buildSettings = {
				ALWAYS_SEARCH_USER_PATHS = NO;
				CLANG_ANALYZER_NONNULL = YES;
				CLANG_ANALYZER_NUMBER_OBJECT_CONVERSION = YES_AGGRESSIVE;
				CLANG_CXX_LANGUAGE_STANDARD = "gnu++14";
				CLANG_CXX_LIBRARY = "libc++";
				CLANG_ENABLE_MODULES = YES;
				CLANG_ENABLE_OBJC_ARC = YES;
				CLANG_ENABLE_OBJC_WEAK = YES;
				CLANG_WARN_BLOCK_CAPTURE_AUTORELEASING = YES;
				CLANG_WARN_BOOL_CONVERSION = YES;
				CLANG_WARN_COMMA = YES;
				CLANG_WARN_CONSTANT_CONVERSION = YES;
				CLANG_WARN_DEPRECATED_OBJC_IMPLEMENTATIONS = YES;
				CLANG_WARN_DIRECT_OBJC_ISA_USAGE = YES_ERROR;
				CLANG_WARN_DOCUMENTATION_COMMENTS = YES;
				CLANG_WARN_EMPTY_BODY = YES;
				CLANG_WARN_ENUM_CONVERSION = YES;
				CLANG_WARN_INFINITE_RECURSION = YES;
				CLANG_WARN_INT_CONVERSION = YES;
				CLANG_WARN_NON_LITERAL_NULL_CONVERSION = YES;
				CLANG_WARN_OBJC_IMPLICIT_RETAIN_SELF = YES;
				CLANG_WARN_OBJC_LITERAL_CONVERSION = YES;
				CLANG_WARN_OBJC_ROOT_CLASS = YES_ERROR;
				CLANG_WARN_RANGE_LOOP_ANALYSIS = YES;
				CLANG_WARN_STRICT_PROTOTYPES = YES;
				CLANG_WARN_SUSPICIOUS_MOVE = YES;
				CLANG_WARN_UNGUARDED_AVAILABILITY = YES_AGGRESSIVE;
				CLANG_WARN_UNREACHABLE_CODE = YES;
				CLANG_WARN__DUPLICATE_METHOD_MATCH = YES;
				COPY_PHASE_STRIP = NO;
				DEBUG_INFORMATION_FORMAT = dwarf;
				ENABLE_STRICT_OBJC_MSGSEND = YES;
				ENABLE_TESTABILITY = YES;
				GCC_C_LANGUAGE_STANDARD = gnu11;
				GCC_DYNAMIC_NO_PIC = NO;
				GCC_NO_COMMON_BLOCKS = YES;
				GCC_OPTIMIZATION_LEVEL = 0;
				GCC_PREPROCESSOR_DEFINITIONS = (
					"DEBUG=1",
					"$(inherited)",
				);
				GCC_WARN_64_TO_32_BIT_CONVERSION = YES;
				GCC_WARN_ABOUT_RETURN_TYPE = YES_ERROR;
				GCC_WARN_UNDECLARED_SELECTOR = YES;
				GCC_WARN_UNINITIALIZED_AUTOS = YES_AGGRESSIVE;
				GCC_WARN_UNUSED_FUNCTION = YES;
				GCC_WARN_UNUSED_VARIABLE = YES;
				IPHONEOS_DEPLOYMENT_TARGET = 13.2;
				MTL_ENABLE_DEBUG_INFO = INCLUDE_SOURCE;
				MTL_FAST_MATH = YES;
				ONLY_ACTIVE_ARCH = YES;
				SDKROOT = iphoneos;
				SWIFT_ACTIVE_COMPILATION_CONDITIONS = DEBUG;
				SWIFT_OPTIMIZATION_LEVEL = "-Onone";
			};
			name = Debug;
		};
		6BDFB0922401209C0029915B /* Release */ = {
			isa = XCBuildConfiguration;
			buildSettings = {
				ALWAYS_SEARCH_USER_PATHS = NO;
				CLANG_ANALYZER_NONNULL = YES;
				CLANG_ANALYZER_NUMBER_OBJECT_CONVERSION = YES_AGGRESSIVE;
				CLANG_CXX_LANGUAGE_STANDARD = "gnu++14";
				CLANG_CXX_LIBRARY = "libc++";
				CLANG_ENABLE_MODULES = YES;
				CLANG_ENABLE_OBJC_ARC = YES;
				CLANG_ENABLE_OBJC_WEAK = YES;
				CLANG_WARN_BLOCK_CAPTURE_AUTORELEASING = YES;
				CLANG_WARN_BOOL_CONVERSION = YES;
				CLANG_WARN_COMMA = YES;
				CLANG_WARN_CONSTANT_CONVERSION = YES;
				CLANG_WARN_DEPRECATED_OBJC_IMPLEMENTATIONS = YES;
				CLANG_WARN_DIRECT_OBJC_ISA_USAGE = YES_ERROR;
				CLANG_WARN_DOCUMENTATION_COMMENTS = YES;
				CLANG_WARN_EMPTY_BODY = YES;
				CLANG_WARN_ENUM_CONVERSION = YES;
				CLANG_WARN_INFINITE_RECURSION = YES;
				CLANG_WARN_INT_CONVERSION = YES;
				CLANG_WARN_NON_LITERAL_NULL_CONVERSION = YES;
				CLANG_WARN_OBJC_IMPLICIT_RETAIN_SELF = YES;
				CLANG_WARN_OBJC_LITERAL_CONVERSION = YES;
				CLANG_WARN_OBJC_ROOT_CLASS = YES_ERROR;
				CLANG_WARN_RANGE_LOOP_ANALYSIS = YES;
				CLANG_WARN_STRICT_PROTOTYPES = YES;
				CLANG_WARN_SUSPICIOUS_MOVE = YES;
				CLANG_WARN_UNGUARDED_AVAILABILITY = YES_AGGRESSIVE;
				CLANG_WARN_UNREACHABLE_CODE = YES;
				CLANG_WARN__DUPLICATE_METHOD_MATCH = YES;
				COPY_PHASE_STRIP = NO;
				DEBUG_INFORMATION_FORMAT = "dwarf-with-dsym";
				ENABLE_NS_ASSERTIONS = NO;
				ENABLE_STRICT_OBJC_MSGSEND = YES;
				GCC_C_LANGUAGE_STANDARD = gnu11;
				GCC_NO_COMMON_BLOCKS = YES;
				GCC_WARN_64_TO_32_BIT_CONVERSION = YES;
				GCC_WARN_ABOUT_RETURN_TYPE = YES_ERROR;
				GCC_WARN_UNDECLARED_SELECTOR = YES;
				GCC_WARN_UNINITIALIZED_AUTOS = YES_AGGRESSIVE;
				GCC_WARN_UNUSED_FUNCTION = YES;
				GCC_WARN_UNUSED_VARIABLE = YES;
				IPHONEOS_DEPLOYMENT_TARGET = 13.2;
				MTL_ENABLE_DEBUG_INFO = NO;
				MTL_FAST_MATH = YES;
				SDKROOT = iphoneos;
				SWIFT_COMPILATION_MODE = wholemodule;
				SWIFT_OPTIMIZATION_LEVEL = "-O";
				VALIDATE_PRODUCT = YES;
			};
			name = Release;
		};
		6BDFB0942401209C0029915B /* Debug */ = {
			isa = XCBuildConfiguration;
			buildSettings = {
				ASSETCATALOG_COMPILER_APPICON_NAME = AppIcon;
				CODE_SIGN_STYLE = Automatic;
				DEVELOPMENT_ASSET_PATHS = "\"SwiftUIFonts/Preview Content\"";
				DEVELOPMENT_TEAM = 63J4U5TSTJ;
				ENABLE_PREVIEWS = YES;
				INFOPLIST_FILE = SwiftUIFonts/Info.plist;
				LD_RUNPATH_SEARCH_PATHS = (
					"$(inherited)",
					"@executable_path/Frameworks",
				);
				PRODUCT_BUNDLE_IDENTIFIER = com.tomasparizek.SwiftUIFonts;
				PRODUCT_NAME = "$(TARGET_NAME)";
				SWIFT_VERSION = 5.0;
				TARGETED_DEVICE_FAMILY = "1,2";
			};
			name = Debug;
		};
		6BDFB0952401209C0029915B /* Release */ = {
			isa = XCBuildConfiguration;
			buildSettings = {
				ASSETCATALOG_COMPILER_APPICON_NAME = AppIcon;
				CODE_SIGN_STYLE = Automatic;
				DEVELOPMENT_ASSET_PATHS = "\"SwiftUIFonts/Preview Content\"";
				DEVELOPMENT_TEAM = 63J4U5TSTJ;
				ENABLE_PREVIEWS = YES;
				INFOPLIST_FILE = SwiftUIFonts/Info.plist;
				LD_RUNPATH_SEARCH_PATHS = (
					"$(inherited)",
					"@executable_path/Frameworks",
				);
				PRODUCT_BUNDLE_IDENTIFIER = com.tomasparizek.SwiftUIFonts;
				PRODUCT_NAME = "$(TARGET_NAME)";
				SWIFT_VERSION = 5.0;
				TARGETED_DEVICE_FAMILY = "1,2";
			};
			name = Release;
		};
/* End XCBuildConfiguration section */

/* Begin XCConfigurationList section */
		6BDFB07A2401209C0029915B /* Build configuration list for PBXProject "SwiftUIFonts" */ = {
			isa = XCConfigurationList;
			buildConfigurations = (
				6BDFB0912401209C0029915B /* Debug */,
				6BDFB0922401209C0029915B /* Release */,
			);
			defaultConfigurationIsVisible = 0;
			defaultConfigurationName = Release;
		};
		6BDFB0932401209C0029915B /* Build configuration list for PBXNativeTarget "SwiftUIFonts" */ = {
			isa = XCConfigurationList;
			buildConfigurations = (
				6BDFB0942401209C0029915B /* Debug */,
				6BDFB0952401209C0029915B /* Release */,
			);
			defaultConfigurationIsVisible = 0;
			defaultConfigurationName = Release;
		};
/* End XCConfigurationList section */
	};
	rootObject = 6BDFB0772401209C0029915B /* Project object */;
}
